
Microsoft Visual Studio Solution File, Format Version 12.00
# Visual Studio Version 17
VisualStudioVersion = 17.0.31903.59
MinimumVisualStudioVersion = 10.0.40219.1
Project("{2150E333-8FDC-42A3-9474-1A3956D46DE8}") = "src", "src", "{827E0CD3-B72D-47B6-A68D-7590B98EB39B}"
EndProject
Project("{FAE04EC0-301F-11D3-BF4B-00C04F79EFBC}") = "StreamAudio.Core", "src\StreamAudio.Core\StreamAudio.Core.csproj", "{1F758DC6-F72C-46E7-B1E7-E04149809232}"
EndProject
Project("{2150E333-8FDC-42A3-9474-1A3956D46DE8}") = "tools", "tools", "{07C2787E-EAC7-C090-1BA3-A61EC2A24D84}"
EndProject
Project("{FAE04EC0-301F-11D3-BF4B-00C04F79EFBC}") = "ToneGenerator", "tools\ToneGenerator\ToneGenerator.csproj", "{F018893C-B80C-4AFE-B1BC-6F7843868616}"
EndProject
Project("{2150E333-8FDC-42A3-9474-1A3956D46DE8}") = "tests", "tests", "{0AB3BF05-4346-4AA6-1389-037BE0695223}"
EndProject
Project("{FAE04EC0-301F-11D3-BF4B-00C04F79EFBC}") = "StreamAudio.Tests", "tests\StreamAudio.Tests\StreamAudio.Tests.csproj", "{805C480F-39E2-4C12-BE51-0CFA189EA015}"
EndProject
Project("{FAE04EC0-301F-11D3-BF4B-00C04F79EFBC}") = "AudioDemo", "tools\AudioDemo\AudioDemo.csproj", "{EB5F094B-6FD5-4EFC-A9E0-BC01D8C3B21C}"
EndProject
Project("{FAE04EC0-301F-11D3-BF4B-00C04F79EFBC}") = "PlatformInfo", "tools\PlatformInfo\PlatformInfo.csproj", "{7DB806DB-84DE-4EE5-95E1-24372B1CFB28}"
EndProject
Project("{FAE04EC0-301F-11D3-BF4B-00C04F79EFBC}") = "StreamDemo", "tools\StreamDemo\StreamDemo.csproj", "{34B0BF16-CF93-4D98-8413-F278D658CF34}"
EndProject
Project("{FAE04EC0-301F-11D3-BF4B-00C04F79EFBC}") = "PerformanceDemo", "tools\PerformanceDemo\PerformanceDemo.csproj", "{02612FF1-30B5-4249-BAA2-1159ACCEE587}"
EndProject
Project("{FAE04EC0-301F-11D3-BF4B-00C04F79EFBC}") = "FFTDemo", "tools\FFTDemo\FFTDemo.csproj", "{7D3905C1-2648-4D1D-A90B-6288B10F648D}"
EndProject
Project("{FAE04EC0-301F-11D3-BF4B-00C04F79EFBC}") = "AutoSourceDemo", "tools\AutoSourceDemo\AutoSourceDemo.csproj", "{E6C27D9C-49DE-4CB6-B1EE-2DA3A3FCEAB5}"
EndProject
Global
	GlobalSection(SolutionConfigurationPlatforms) = preSolution
		Debug|Any CPU = Debug|Any CPU
		Debug|x64 = Debug|x64
		Debug|x86 = Debug|x86
		Release|Any CPU = Release|Any CPU
		Release|x64 = Release|x64
		Release|x86 = Release|x86
	EndGlobalSection
	GlobalSection(ProjectConfigurationPlatforms) = postSolution
		{1F758DC6-F72C-46E7-B1E7-E04149809232}.Debug|Any CPU.ActiveCfg = Debug|Any CPU
		{1F758DC6-F72C-46E7-B1E7-E04149809232}.Debug|Any CPU.Build.0 = Debug|Any CPU
		{1F758DC6-F72C-46E7-B1E7-E04149809232}.Debug|x64.ActiveCfg = Debug|Any CPU
		{1F758DC6-F72C-46E7-B1E7-E04149809232}.Debug|x64.Build.0 = Debug|Any CPU
		{1F758DC6-F72C-46E7-B1E7-E04149809232}.Debug|x86.ActiveCfg = Debug|Any CPU
		{1F758DC6-F72C-46E7-B1E7-E04149809232}.Debug|x86.Build.0 = Debug|Any CPU
		{1F758DC6-F72C-46E7-B1E7-E04149809232}.Release|Any CPU.ActiveCfg = Release|Any CPU
		{1F758DC6-F72C-46E7-B1E7-E04149809232}.Release|Any CPU.Build.0 = Release|Any CPU
		{1F758DC6-F72C-46E7-B1E7-E04149809232}.Release|x64.ActiveCfg = Release|Any CPU
		{1F758DC6-F72C-46E7-B1E7-E04149809232}.Release|x64.Build.0 = Release|Any CPU
		{1F758DC6-F72C-46E7-B1E7-E04149809232}.Release|x86.ActiveCfg = Release|Any CPU
		{1F758DC6-F72C-46E7-B1E7-E04149809232}.Release|x86.Build.0 = Release|Any CPU
		{F018893C-B80C-4AFE-B1BC-6F7843868616}.Debug|Any CPU.ActiveCfg = Debug|Any CPU
		{F018893C-B80C-4AFE-B1BC-6F7843868616}.Debug|Any CPU.Build.0 = Debug|Any CPU
		{F018893C-B80C-4AFE-B1BC-6F7843868616}.Debug|x64.ActiveCfg = Debug|Any CPU
		{F018893C-B80C-4AFE-B1BC-6F7843868616}.Debug|x64.Build.0 = Debug|Any CPU
		{F018893C-B80C-4AFE-B1BC-6F7843868616}.Debug|x86.ActiveCfg = Debug|Any CPU
		{F018893C-B80C-4AFE-B1BC-6F7843868616}.Debug|x86.Build.0 = Debug|Any CPU
		{F018893C-B80C-4AFE-B1BC-6F7843868616}.Release|Any CPU.ActiveCfg = Release|Any CPU
		{F018893C-B80C-4AFE-B1BC-6F7843868616}.Release|Any CPU.Build.0 = Release|Any CPU
		{F018893C-B80C-4AFE-B1BC-6F7843868616}.Release|x64.ActiveCfg = Release|Any CPU
		{F018893C-B80C-4AFE-B1BC-6F7843868616}.Release|x64.Build.0 = Release|Any CPU
		{F018893C-B80C-4AFE-B1BC-6F7843868616}.Release|x86.ActiveCfg = Release|Any CPU
		{F018893C-B80C-4AFE-B1BC-6F7843868616}.Release|x86.Build.0 = Release|Any CPU
		{805C480F-39E2-4C12-BE51-0CFA189EA015}.Debug|Any CPU.ActiveCfg = Debug|Any CPU
		{805C480F-39E2-4C12-BE51-0CFA189EA015}.Debug|Any CPU.Build.0 = Debug|Any CPU
		{805C480F-39E2-4C12-BE51-0CFA189EA015}.Debug|x64.ActiveCfg = Debug|Any CPU
		{805C480F-39E2-4C12-BE51-0CFA189EA015}.Debug|x64.Build.0 = Debug|Any CPU
		{805C480F-39E2-4C12-BE51-0CFA189EA015}.Debug|x86.ActiveCfg = Debug|Any CPU
		{805C480F-39E2-4C12-BE51-0CFA189EA015}.Debug|x86.Build.0 = Debug|Any CPU
		{805C480F-39E2-4C12-BE51-0CFA189EA015}.Release|Any CPU.ActiveCfg = Release|Any CPU
		{805C480F-39E2-4C12-BE51-0CFA189EA015}.Release|Any CPU.Build.0 = Release|Any CPU
		{805C480F-39E2-4C12-BE51-0CFA189EA015}.Release|x64.ActiveCfg = Release|Any CPU
		{805C480F-39E2-4C12-BE51-0CFA189EA015}.Release|x64.Build.0 = Release|Any CPU
		{805C480F-39E2-4C12-BE51-0CFA189EA015}.Release|x86.ActiveCfg = Release|Any CPU
		{805C480F-39E2-4C12-BE51-0CFA189EA015}.Release|x86.Build.0 = Release|Any CPU
		{EB5F094B-6FD5-4EFC-A9E0-BC01D8C3B21C}.Debug|Any CPU.ActiveCfg = Debug|Any CPU
		{EB5F094B-6FD5-4EFC-A9E0-BC01D8C3B21C}.Debug|Any CPU.Build.0 = Debug|Any CPU
		{EB5F094B-6FD5-4EFC-A9E0-BC01D8C3B21C}.Debug|x64.ActiveCfg = Debug|Any CPU
		{EB5F094B-6FD5-4EFC-A9E0-BC01D8C3B21C}.Debug|x64.Build.0 = Debug|Any CPU
		{EB5F094B-6FD5-4EFC-A9E0-BC01D8C3B21C}.Debug|x86.ActiveCfg = Debug|Any CPU
		{EB5F094B-6FD5-4EFC-A9E0-BC01D8C3B21C}.Debug|x86.Build.0 = Debug|Any CPU
		{EB5F094B-6FD5-4EFC-A9E0-BC01D8C3B21C}.Release|Any CPU.ActiveCfg = Release|Any CPU
		{EB5F094B-6FD5-4EFC-A9E0-BC01D8C3B21C}.Release|Any CPU.Build.0 = Release|Any CPU
		{EB5F094B-6FD5-4EFC-A9E0-BC01D8C3B21C}.Release|x64.ActiveCfg = Release|Any CPU
		{EB5F094B-6FD5-4EFC-A9E0-BC01D8C3B21C}.Release|x64.Build.0 = Release|Any CPU
		{EB5F094B-6FD5-4EFC-A9E0-BC01D8C3B21C}.Release|x86.ActiveCfg = Release|Any CPU
		{EB5F094B-6FD5-4EFC-A9E0-BC01D8C3B21C}.Release|x86.Build.0 = Release|Any CPU
		{7DB806DB-84DE-4EE5-95E1-24372B1CFB28}.Debug|Any CPU.ActiveCfg = Debug|Any CPU
		{7DB806DB-84DE-4EE5-95E1-24372B1CFB28}.Debug|Any CPU.Build.0 = Debug|Any CPU
		{7DB806DB-84DE-4EE5-95E1-24372B1CFB28}.Debug|x64.ActiveCfg = Debug|Any CPU
		{7DB806DB-84DE-4EE5-95E1-24372B1CFB28}.Debug|x64.Build.0 = Debug|Any CPU
		{7DB806DB-84DE-4EE5-95E1-24372B1CFB28}.Debug|x86.ActiveCfg = Debug|Any CPU
		{7DB806DB-84DE-4EE5-95E1-24372B1CFB28}.Debug|x86.Build.0 = Debug|Any CPU
		{7DB806DB-84DE-4EE5-95E1-24372B1CFB28}.Release|Any CPU.ActiveCfg = Release|Any CPU
		{7DB806DB-84DE-4EE5-95E1-24372B1CFB28}.Release|Any CPU.Build.0 = Release|Any CPU
		{7DB806DB-84DE-4EE5-95E1-24372B1CFB28}.Release|x64.ActiveCfg = Release|Any CPU
		{7DB806DB-84DE-4EE5-95E1-24372B1CFB28}.Release|x64.Build.0 = Release|Any CPU
		{7DB806DB-84DE-4EE5-95E1-24372B1CFB28}.Release|x86.ActiveCfg = Release|Any CPU
		{7DB806DB-84DE-4EE5-95E1-24372B1CFB28}.Release|x86.Build.0 = Release|Any CPU
		{34B0BF16-CF93-4D98-8413-F278D658CF34}.Debug|Any CPU.ActiveCfg = Debug|Any CPU
		{34B0BF16-CF93-4D98-8413-F278D658CF34}.Debug|Any CPU.Build.0 = Debug|Any CPU
		{34B0BF16-CF93-4D98-8413-F278D658CF34}.Debug|x64.ActiveCfg = Debug|Any CPU
		{34B0BF16-CF93-4D98-8413-F278D658CF34}.Debug|x64.Build.0 = Debug|Any CPU
		{34B0BF16-CF93-4D98-8413-F278D658CF34}.Debug|x86.ActiveCfg = Debug|Any CPU
		{34B0BF16-CF93-4D98-8413-F278D658CF34}.Debug|x86.Build.0 = Debug|Any CPU
		{34B0BF16-CF93-4D98-8413-F278D658CF34}.Release|Any CPU.ActiveCfg = Release|Any CPU
		{34B0BF16-CF93-4D98-8413-F278D658CF34}.Release|Any CPU.Build.0 = Release|Any CPU
		{34B0BF16-CF93-4D98-8413-F278D658CF34}.Release|x64.ActiveCfg = Release|Any CPU
		{34B0BF16-CF93-4D98-8413-F278D658CF34}.Release|x64.Build.0 = Release|Any CPU
		{34B0BF16-CF93-4D98-8413-F278D658CF34}.Release|x86.ActiveCfg = Release|Any CPU
		{34B0BF16-CF93-4D98-8413-F278D658CF34}.Release|x86.Build.0 = Release|Any CPU
		{02612FF1-30B5-4249-BAA2-1159ACCEE587}.Debug|Any CPU.ActiveCfg = Debug|Any CPU
		{02612FF1-30B5-4249-BAA2-1159ACCEE587}.Debug|Any CPU.Build.0 = Debug|Any CPU
		{02612FF1-30B5-4249-BAA2-1159ACCEE587}.Debug|x64.ActiveCfg = Debug|Any CPU
		{02612FF1-30B5-4249-BAA2-1159ACCEE587}.Debug|x64.Build.0 = Debug|Any CPU
		{02612FF1-30B5-4249-BAA2-1159ACCEE587}.Debug|x86.ActiveCfg = Debug|Any CPU
		{02612FF1-30B5-4249-BAA2-1159ACCEE587}.Debug|x86.Build.0 = Debug|Any CPU
		{02612FF1-30B5-4249-BAA2-1159ACCEE587}.Release|Any CPU.ActiveCfg = Release|Any CPU
		{02612FF1-30B5-4249-BAA2-1159ACCEE587}.Release|Any CPU.Build.0 = Release|Any CPU
		{02612FF1-30B5-4249-BAA2-1159ACCEE587}.Release|x64.ActiveCfg = Release|Any CPU
		{02612FF1-30B5-4249-BAA2-1159ACCEE587}.Release|x64.Build.0 = Release|Any CPU
		{02612FF1-30B5-4249-BAA2-1159ACCEE587}.Release|x86.ActiveCfg = Release|Any CPU
		{02612FF1-30B5-4249-BAA2-1159ACCEE587}.Release|x86.Build.0 = Release|Any CPU
		{7D3905C1-2648-4D1D-A90B-6288B10F648D}.Debug|Any CPU.ActiveCfg = Debug|Any CPU
		{7D3905C1-2648-4D1D-A90B-6288B10F648D}.Debug|Any CPU.Build.0 = Debug|Any CPU
		{7D3905C1-2648-4D1D-A90B-6288B10F648D}.Debug|x64.ActiveCfg = Debug|Any CPU
		{7D3905C1-2648-4D1D-A90B-6288B10F648D}.Debug|x64.Build.0 = Debug|Any CPU
		{7D3905C1-2648-4D1D-A90B-6288B10F648D}.Debug|x86.ActiveCfg = Debug|Any CPU
		{7D3905C1-2648-4D1D-A90B-6288B10F648D}.Debug|x86.Build.0 = Debug|Any CPU
		{7D3905C1-2648-4D1D-A90B-6288B10F648D}.Release|Any CPU.ActiveCfg = Release|Any CPU
		{7D3905C1-2648-4D1D-A90B-6288B10F648D}.Release|Any CPU.Build.0 = Release|Any CPU
		{7D3905C1-2648-4D1D-A90B-6288B10F648D}.Release|x64.ActiveCfg = Release|Any CPU
		{7D3905C1-2648-4D1D-A90B-6288B10F648D}.Release|x64.Build.0 = Release|Any CPU
		{7D3905C1-2648-4D1D-A90B-6288B10F648D}.Release|x86.ActiveCfg = Release|Any CPU
		{7D3905C1-2648-4D1D-A90B-6288B10F648D}.Release|x86.Build.0 = Release|Any CPU
		{E6C27D9C-49DE-4CB6-B1EE-2DA3A3FCEAB5}.Debug|Any CPU.ActiveCfg = Debug|Any CPU
		{E6C27D9C-49DE-4CB6-B1EE-2DA3A3FCEAB5}.Debug|Any CPU.Build.0 = Debug|Any CPU
		{E6C27D9C-49DE-4CB6-B1EE-2DA3A3FCEAB5}.Debug|x64.ActiveCfg = Debug|Any CPU
		{E6C27D9C-49DE-4CB6-B1EE-2DA3A3FCEAB5}.Debug|x64.Build.0 = Debug|Any CPU
		{E6C27D9C-49DE-4CB6-B1EE-2DA3A3FCEAB5}.Debug|x86.ActiveCfg = Debug|Any CPU
		{E6C27D9C-49DE-4CB6-B1EE-2DA3A3FCEAB5}.Debug|x86.Build.0 = Debug|Any CPU
		{E6C27D9C-49DE-4CB6-B1EE-2DA3A3FCEAB5}.Release|Any CPU.ActiveCfg = Release|Any CPU
		{E6C27D9C-49DE-4CB6-B1EE-2DA3A3FCEAB5}.Release|Any CPU.Build.0 = Release|Any CPU
		{E6C27D9C-49DE-4CB6-B1EE-2DA3A3FCEAB5}.Release|x64.ActiveCfg = Release|Any CPU
		{E6C27D9C-49DE-4CB6-B1EE-2DA3A3FCEAB5}.Release|x64.Build.0 = Release|Any CPU
		{E6C27D9C-49DE-4CB6-B1EE-2DA3A3FCEAB5}.Release|x86.ActiveCfg = Release|Any CPU
		{E6C27D9C-49DE-4CB6-B1EE-2DA3A3FCEAB5}.Release|x86.Build.0 = Release|Any CPU
	EndGlobalSection
	GlobalSection(SolutionProperties) = preSolution
		HideSolutionNode = FALSE
	EndGlobalSection
	GlobalSection(NestedProjects) = preSolution
		{1F758DC6-F72C-46E7-B1E7-E04149809232} = {827E0CD3-B72D-47B6-A68D-7590B98EB39B}
		{F018893C-B80C-4AFE-B1BC-6F7843868616} = {07C2787E-EAC7-C090-1BA3-A61EC2A24D84}
		{805C480F-39E2-4C12-BE51-0CFA189EA015} = {0AB3BF05-4346-4AA6-1389-037BE0695223}
		{EB5F094B-6FD5-4EFC-A9E0-BC01D8C3B21C} = {07C2787E-EAC7-C090-1BA3-A61EC2A24D84}
		{7DB806DB-84DE-4EE5-95E1-24372B1CFB28} = {07C2787E-EAC7-C090-1BA3-A61EC2A24D84}
		{34B0BF16-CF93-4D98-8413-F278D658CF34} = {07C2787E-EAC7-C090-1BA3-A61EC2A24D84}
		{02612FF1-30B5-4249-BAA2-1159ACCEE587} = {07C2787E-EAC7-C090-1BA3-A61EC2A24D84}
		{7D3905C1-2648-4D1D-A90B-6288B10F648D} = {07C2787E-EAC7-C090-1BA3-A61EC2A24D84}
		{E6C27D9C-49DE-4CB6-B1EE-2DA3A3FCEAB5} = {07C2787E-EAC7-C090-1BA3-A61EC2A24D84}
	EndGlobalSection
EndGlobal
